
Microsoft Visual Studio Solution File, Format Version 12.00
# Visual Studio Version 16
VisualStudioVersion = 25.0.1706.13
MinimumVisualStudioVersion = 10.0.40219.1
Project("{FAE04EC0-301F-11D3-BF4B-00C04F79EFBC}") = "TailwindDemo", "TailwindDemo\TailwindDemo.csproj", "{B6A25A35-CDA7-40AD-B7CB-A7CA19A59766}"
EndProject
Global
	GlobalSection(SolutionConfigurationPlatforms) = preSolution
		Debug|Any CPU = Debug|Any CPU
		Release|Any CPU = Release|Any CPU
	EndGlobalSection
	GlobalSection(ProjectConfigurationPlatforms) = postSolution
		{B6A25A35-CDA7-40AD-B7CB-A7CA19A59766}.Debug|Any CPU.ActiveCfg = Debug|Any CPU
		{B6A25A35-CDA7-40AD-B7CB-A7CA19A59766}.Debug|Any CPU.Build.0 = Debug|Any CPU
		{B6A25A35-CDA7-40AD-B7CB-A7CA19A59766}.Release|Any CPU.ActiveCfg = Release|Any CPU
		{B6A25A35-CDA7-40AD-B7CB-A7CA19A59766}.Release|Any CPU.Build.0 = Release|Any CPU
	EndGlobalSection
	GlobalSection(SolutionProperties) = preSolution
		HideSolutionNode = FALSE
	EndGlobalSection
	GlobalSection(ExtensibilityGlobals) = postSolution
		SolutionGuid = {F7FBEC04-27DF-4326-BBAB-0AB64AC79EF3}
	EndGlobalSection
EndGlobal
